// !$*UTF8*$!
{
	archiveVersion = 1;
	classes = {
	};
	objectVersion = 50;
	objects = {

/* Begin PBXBuildFile section */
		5B663C75241AD0F300ECF231 /* SF-Pro-Rounded-Medium.otf in Resources */ = {isa = PBXBuildFile; fileRef = 5B663C71241AD0F300ECF231 /* SF-Pro-Rounded-Medium.otf */; };
		5B663C76241AD0F300ECF231 /* SF-Pro-Display-Regular.otf in Resources */ = {isa = PBXBuildFile; fileRef = 5B663C72241AD0F300ECF231 /* SF-Pro-Display-Regular.otf */; };
		5B663C77241AD0F300ECF231 /* SF-Pro-Display-Bold.otf in Resources */ = {isa = PBXBuildFile; fileRef = 5B663C73241AD0F300ECF231 /* SF-Pro-Display-Bold.otf */; };
		5B663C78241AD0F300ECF231 /* SF-Pro-Display-Medium.otf in Resources */ = {isa = PBXBuildFile; fileRef = 5B663C74241AD0F300ECF231 /* SF-Pro-Display-Medium.otf */; };
		5B8E5A312415318A00066984 /* QueriesViewController.swift in Sources */ = {isa = PBXBuildFile; fileRef = 5B8E5A302415318A00066984 /* QueriesViewController.swift */; };
		5B8E5A332415539800066984 /* notificationViewController.swift in Sources */ = {isa = PBXBuildFile; fileRef = 5B8E5A322415539800066984 /* notificationViewController.swift */; };
		5B8E5A3C241592D000066984 /* NotificationTableViewCell.swift in Sources */ = {isa = PBXBuildFile; fileRef = 5B8E5A3B241592D000066984 /* NotificationTableViewCell.swift */; };
		5B8E5A40241617C600066984 /* BeveragesViewController.swift in Sources */ = {isa = PBXBuildFile; fileRef = 5B8E5A3F241617C600066984 /* BeveragesViewController.swift */; };
		5BC4B3AE242C6F9100F824B2 /* TimelineViewController.swift in Sources */ = {isa = PBXBuildFile; fileRef = 5BC4B3AD242C6F9100F824B2 /* TimelineViewController.swift */; };
		5BEED172242C95830095B037 /* InformationViewController.swift in Sources */ = {isa = PBXBuildFile; fileRef = 5BEED171242C95830095B037 /* InformationViewController.swift */; };
		5BEED174242CF9FC0095B037 /* ProfileViewController.swift in Sources */ = {isa = PBXBuildFile; fileRef = 5BEED173242CF9FB0095B037 /* ProfileViewController.swift */; };
		5BEED176242CFEB50095B037 /* SF-Pro-Display-Semibold.otf in Resources */ = {isa = PBXBuildFile; fileRef = 5BEED175242CFEB50095B037 /* SF-Pro-Display-Semibold.otf */; };
		5BEED178242CFF890095B037 /* RecentQueriesTableViewCell.swift in Sources */ = {isa = PBXBuildFile; fileRef = 5BEED177242CFF890095B037 /* RecentQueriesTableViewCell.swift */; };
		5BEED17A242D45DF0095B037 /* LoginViewController.swift in Sources */ = {isa = PBXBuildFile; fileRef = 5BEED179242D45DF0095B037 /* LoginViewController.swift */; };
		5BEED17C242DBD630095B037 /* SignUpViewController.swift in Sources */ = {isa = PBXBuildFile; fileRef = 5BEED17B242DBD630095B037 /* SignUpViewController.swift */; };
		5BEED17E242DC5CF0095B037 /* ForgotPasswordViewController.swift in Sources */ = {isa = PBXBuildFile; fileRef = 5BEED17D242DC5CF0095B037 /* ForgotPasswordViewController.swift */; };
		5BEED180242DC8F80095B037 /* NewPasswordViewController.swift in Sources */ = {isa = PBXBuildFile; fileRef = 5BEED17F242DC8F80095B037 /* NewPasswordViewController.swift */; };
		77CFC1232403A4EC00449969 /* AppDelegate.swift in Sources */ = {isa = PBXBuildFile; fileRef = 77CFC1222403A4EC00449969 /* AppDelegate.swift */; };
		77CFC1252403A4EC00449969 /* ViewController.swift in Sources */ = {isa = PBXBuildFile; fileRef = 77CFC1242403A4EC00449969 /* ViewController.swift */; };
		77CFC1282403A4EC00449969 /* Main.storyboard in Resources */ = {isa = PBXBuildFile; fileRef = 77CFC1262403A4EC00449969 /* Main.storyboard */; };
		77CFC12A2403A4EF00449969 /* Assets.xcassets in Resources */ = {isa = PBXBuildFile; fileRef = 77CFC1292403A4EF00449969 /* Assets.xcassets */; };
		77CFC12D2403A4EF00449969 /* LaunchScreen.storyboard in Resources */ = {isa = PBXBuildFile; fileRef = 77CFC12B2403A4EF00449969 /* LaunchScreen.storyboard */; };
		77CFC1392403AA0C00449969 /* constants.swift in Sources */ = {isa = PBXBuildFile; fileRef = 77CFC1382403AA0C00449969 /* constants.swift */; };
		77CFC13C2403AA9600449969 /* Reachability.swift in Sources */ = {isa = PBXBuildFile; fileRef = 77CFC13B2403AA9600449969 /* Reachability.swift */; };
		77CFC13F2403AAC900449969 /* NetworkEngine.swift in Sources */ = {isa = PBXBuildFile; fileRef = 77CFC13E2403AAC900449969 /* NetworkEngine.swift */; };
		77CFC1432403AB8A00449969 /* keyboard+Hide.swift in Sources */ = {isa = PBXBuildFile; fileRef = 77CFC1422403AB8A00449969 /* keyboard+Hide.swift */; };
		77CFC1452403AB9E00449969 /* checkNetwork.swift in Sources */ = {isa = PBXBuildFile; fileRef = 77CFC1442403AB9E00449969 /* checkNetwork.swift */; };
		77CFC1472403ABB900449969 /* custom+Navigation.swift in Sources */ = {isa = PBXBuildFile; fileRef = 77CFC1462403ABB900449969 /* custom+Navigation.swift */; };
		77CFC14A2403ABDC00449969 /* haptic+Feedback.swift in Sources */ = {isa = PBXBuildFile; fileRef = 77CFC1492403ABDC00449969 /* haptic+Feedback.swift */; };
		77CFC14C2403ABEE00449969 /* alert+Function.swift in Sources */ = {isa = PBXBuildFile; fileRef = 77CFC14B2403ABEE00449969 /* alert+Function.swift */; };
		77CFC14E2403AD5800449969 /* statusBarView.swift in Sources */ = {isa = PBXBuildFile; fileRef = 77CFC14D2403AD5800449969 /* statusBarView.swift */; };
		77CFC1502403E0AF00449969 /* AlmofireExtension.swift in Sources */ = {isa = PBXBuildFile; fileRef = 77CFC14F2403E0AF00449969 /* AlmofireExtension.swift */; };
		77CFC1522403E11700449969 /* HackgridLogger.swift in Sources */ = {isa = PBXBuildFile; fileRef = 77CFC1512403E11700449969 /* HackgridLogger.swift */; };
		8B18285D1E165DD6E8B7475A /* Pods_Hackgrid.framework in Frameworks */ = {isa = PBXBuildFile; fileRef = 2A7F8F42C4C0AB61D27261D3 /* Pods_Hackgrid.framework */; };
/* End PBXBuildFile section */

/* Begin PBXFileReference section */
		1B5612D17992B0094F5E1A55 /* Pods-Hackgrid.release.xcconfig */ = {isa = PBXFileReference; includeInIndex = 1; lastKnownFileType = text.xcconfig; name = "Pods-Hackgrid.release.xcconfig"; path = "Target Support Files/Pods-Hackgrid/Pods-Hackgrid.release.xcconfig"; sourceTree = "<group>"; };
		2A7F8F42C4C0AB61D27261D3 /* Pods_Hackgrid.framework */ = {isa = PBXFileReference; explicitFileType = wrapper.framework; includeInIndex = 0; path = Pods_Hackgrid.framework; sourceTree = BUILT_PRODUCTS_DIR; };
		5B663C71241AD0F300ECF231 /* SF-Pro-Rounded-Medium.otf */ = {isa = PBXFileReference; lastKnownFileType = file; name = "SF-Pro-Rounded-Medium.otf"; path = "../../../../../../Library/Fonts/SF-Pro-Rounded-Medium.otf"; sourceTree = "<group>"; };
		5B663C72241AD0F300ECF231 /* SF-Pro-Display-Regular.otf */ = {isa = PBXFileReference; lastKnownFileType = file; name = "SF-Pro-Display-Regular.otf"; path = "../../../../../../Library/Fonts/SF-Pro-Display-Regular.otf"; sourceTree = "<group>"; };
		5B663C73241AD0F300ECF231 /* SF-Pro-Display-Bold.otf */ = {isa = PBXFileReference; lastKnownFileType = file; name = "SF-Pro-Display-Bold.otf"; path = "../../../../../../Library/Fonts/SF-Pro-Display-Bold.otf"; sourceTree = "<group>"; };
		5B663C74241AD0F300ECF231 /* SF-Pro-Display-Medium.otf */ = {isa = PBXFileReference; lastKnownFileType = file; name = "SF-Pro-Display-Medium.otf"; path = "../../../../../../Library/Fonts/SF-Pro-Display-Medium.otf"; sourceTree = "<group>"; };
		5B8E5A302415318A00066984 /* QueriesViewController.swift */ = {isa = PBXFileReference; lastKnownFileType = sourcecode.swift; path = QueriesViewController.swift; sourceTree = "<group>"; };
		5B8E5A322415539800066984 /* notificationViewController.swift */ = {isa = PBXFileReference; lastKnownFileType = sourcecode.swift; path = notificationViewController.swift; sourceTree = "<group>"; };
		5B8E5A3B241592D000066984 /* NotificationTableViewCell.swift */ = {isa = PBXFileReference; lastKnownFileType = sourcecode.swift; path = NotificationTableViewCell.swift; sourceTree = "<group>"; };
		5B8E5A3F241617C600066984 /* BeveragesViewController.swift */ = {isa = PBXFileReference; lastKnownFileType = sourcecode.swift; path = BeveragesViewController.swift; sourceTree = "<group>"; };
		5BC4B3AD242C6F9100F824B2 /* TimelineViewController.swift */ = {isa = PBXFileReference; lastKnownFileType = sourcecode.swift; path = TimelineViewController.swift; sourceTree = "<group>"; };
		5BEED171242C95830095B037 /* InformationViewController.swift */ = {isa = PBXFileReference; lastKnownFileType = sourcecode.swift; path = InformationViewController.swift; sourceTree = "<group>"; };
		5BEED173242CF9FB0095B037 /* ProfileViewController.swift */ = {isa = PBXFileReference; lastKnownFileType = sourcecode.swift; path = ProfileViewController.swift; sourceTree = "<group>"; };
		5BEED175242CFEB50095B037 /* SF-Pro-Display-Semibold.otf */ = {isa = PBXFileReference; lastKnownFileType = file; path = "SF-Pro-Display-Semibold.otf"; sourceTree = "<group>"; };
		5BEED177242CFF890095B037 /* RecentQueriesTableViewCell.swift */ = {isa = PBXFileReference; lastKnownFileType = sourcecode.swift; path = RecentQueriesTableViewCell.swift; sourceTree = "<group>"; };
		5BEED179242D45DF0095B037 /* LoginViewController.swift */ = {isa = PBXFileReference; lastKnownFileType = sourcecode.swift; path = LoginViewController.swift; sourceTree = "<group>"; };
		5BEED17B242DBD630095B037 /* SignUpViewController.swift */ = {isa = PBXFileReference; lastKnownFileType = sourcecode.swift; path = SignUpViewController.swift; sourceTree = "<group>"; };
		5BEED17D242DC5CF0095B037 /* ForgotPasswordViewController.swift */ = {isa = PBXFileReference; lastKnownFileType = sourcecode.swift; path = ForgotPasswordViewController.swift; sourceTree = "<group>"; };
		5BEED17F242DC8F80095B037 /* NewPasswordViewController.swift */ = {isa = PBXFileReference; lastKnownFileType = sourcecode.swift; path = NewPasswordViewController.swift; sourceTree = "<group>"; };
		74A7B2C68F95F4865FF8CE33 /* Pods-Hackgrid.debug.xcconfig */ = {isa = PBXFileReference; includeInIndex = 1; lastKnownFileType = text.xcconfig; name = "Pods-Hackgrid.debug.xcconfig"; path = "Target Support Files/Pods-Hackgrid/Pods-Hackgrid.debug.xcconfig"; sourceTree = "<group>"; };
		77CFC11F2403A4EC00449969 /* Hackgrid.app */ = {isa = PBXFileReference; explicitFileType = wrapper.application; includeInIndex = 0; path = Hackgrid.app; sourceTree = BUILT_PRODUCTS_DIR; };
		77CFC1222403A4EC00449969 /* AppDelegate.swift */ = {isa = PBXFileReference; lastKnownFileType = sourcecode.swift; path = AppDelegate.swift; sourceTree = "<group>"; };
		77CFC1242403A4EC00449969 /* ViewController.swift */ = {isa = PBXFileReference; lastKnownFileType = sourcecode.swift; path = ViewController.swift; sourceTree = "<group>"; };
		77CFC1272403A4EC00449969 /* Base */ = {isa = PBXFileReference; lastKnownFileType = file.storyboard; name = Base; path = Base.lproj/Main.storyboard; sourceTree = "<group>"; };
		77CFC1292403A4EF00449969 /* Assets.xcassets */ = {isa = PBXFileReference; lastKnownFileType = folder.assetcatalog; path = Assets.xcassets; sourceTree = "<group>"; };
		77CFC12C2403A4EF00449969 /* Base */ = {isa = PBXFileReference; lastKnownFileType = file.storyboard; name = Base; path = Base.lproj/LaunchScreen.storyboard; sourceTree = "<group>"; };
		77CFC12E2403A4EF00449969 /* Info.plist */ = {isa = PBXFileReference; lastKnownFileType = text.plist.xml; path = Info.plist; sourceTree = "<group>"; };
		77CFC1382403AA0C00449969 /* constants.swift */ = {isa = PBXFileReference; lastKnownFileType = sourcecode.swift; path = constants.swift; sourceTree = "<group>"; };
		77CFC13B2403AA9600449969 /* Reachability.swift */ = {isa = PBXFileReference; lastKnownFileType = sourcecode.swift; path = Reachability.swift; sourceTree = "<group>"; };
		77CFC13E2403AAC900449969 /* NetworkEngine.swift */ = {isa = PBXFileReference; lastKnownFileType = sourcecode.swift; path = NetworkEngine.swift; sourceTree = "<group>"; };
		77CFC1422403AB8A00449969 /* keyboard+Hide.swift */ = {isa = PBXFileReference; lastKnownFileType = sourcecode.swift; path = "keyboard+Hide.swift"; sourceTree = "<group>"; };
		77CFC1442403AB9E00449969 /* checkNetwork.swift */ = {isa = PBXFileReference; lastKnownFileType = sourcecode.swift; path = checkNetwork.swift; sourceTree = "<group>"; };
		77CFC1462403ABB900449969 /* custom+Navigation.swift */ = {isa = PBXFileReference; lastKnownFileType = sourcecode.swift; path = "custom+Navigation.swift"; sourceTree = "<group>"; };
		77CFC1492403ABDC00449969 /* haptic+Feedback.swift */ = {isa = PBXFileReference; lastKnownFileType = sourcecode.swift; path = "haptic+Feedback.swift"; sourceTree = "<group>"; };
		77CFC14B2403ABEE00449969 /* alert+Function.swift */ = {isa = PBXFileReference; lastKnownFileType = sourcecode.swift; path = "alert+Function.swift"; sourceTree = "<group>"; };
		77CFC14D2403AD5800449969 /* statusBarView.swift */ = {isa = PBXFileReference; lastKnownFileType = sourcecode.swift; path = statusBarView.swift; sourceTree = "<group>"; };
		77CFC14F2403E0AF00449969 /* AlmofireExtension.swift */ = {isa = PBXFileReference; lastKnownFileType = sourcecode.swift; path = AlmofireExtension.swift; sourceTree = "<group>"; };
		77CFC1512403E11700449969 /* HackgridLogger.swift */ = {isa = PBXFileReference; lastKnownFileType = sourcecode.swift; path = HackgridLogger.swift; sourceTree = "<group>"; };
/* End PBXFileReference section */

/* Begin PBXFrameworksBuildPhase section */
		77CFC11C2403A4EC00449969 /* Frameworks */ = {
			isa = PBXFrameworksBuildPhase;
			buildActionMask = 2147483647;
			files = (
				8B18285D1E165DD6E8B7475A /* Pods_Hackgrid.framework in Frameworks */,
			);
			runOnlyForDeploymentPostprocessing = 0;
		};
/* End PBXFrameworksBuildPhase section */

/* Begin PBXGroup section */
		191649AF90D0DAAECCA92115 /* Pods */ = {
			isa = PBXGroup;
			children = (
				74A7B2C68F95F4865FF8CE33 /* Pods-Hackgrid.debug.xcconfig */,
				1B5612D17992B0094F5E1A55 /* Pods-Hackgrid.release.xcconfig */,
			);
			path = Pods;
			sourceTree = "<group>";
		};
		1F44A73D0FA75BFC78342B7A /* Frameworks */ = {
			isa = PBXGroup;
			children = (
				2A7F8F42C4C0AB61D27261D3 /* Pods_Hackgrid.framework */,
			);
			name = Frameworks;
			sourceTree = "<group>";
		};
		77CFC1162403A4EC00449969 = {
			isa = PBXGroup;
			children = (
				77CFC1212403A4EC00449969 /* Hackgrid */,
				77CFC1202403A4EC00449969 /* Products */,
				191649AF90D0DAAECCA92115 /* Pods */,
				1F44A73D0FA75BFC78342B7A /* Frameworks */,
			);
			sourceTree = "<group>";
		};
		77CFC1202403A4EC00449969 /* Products */ = {
			isa = PBXGroup;
			children = (
				77CFC11F2403A4EC00449969 /* Hackgrid.app */,
			);
			name = Products;
			sourceTree = "<group>";
		};
		77CFC1212403A4EC00449969 /* Hackgrid */ = {
			isa = PBXGroup;
			children = (
				77CFC1402403AB2400449969 /* Extensions */,
				77CFC13D2403AAB700449969 /* Networking */,
				77CFC1372403A9E400449969 /* Models */,
				77CFC1342403A97000449969 /* Views */,
				77CFC1352403A97E00449969 /* Controllers */,
				77CFC13A2403AA8500449969 /* Services */,
				77D6353924138187009DB468 /* Fonts */,
				77CFC1362403A9C800449969 /* Helpers */,
				77CFC12E2403A4EF00449969 /* Info.plist */,
			);
			path = Hackgrid;
			sourceTree = "<group>";
		};
		77CFC1342403A97000449969 /* Views */ = {
			isa = PBXGroup;
			children = (
				77CFC1262403A4EC00449969 /* Main.storyboard */,
				77CFC12B2403A4EF00449969 /* LaunchScreen.storyboard */,
				5B8E5A3B241592D000066984 /* NotificationTableViewCell.swift */,
				5BEED177242CFF890095B037 /* RecentQueriesTableViewCell.swift */,
			);
			path = Views;
			sourceTree = "<group>";
		};
		77CFC1352403A97E00449969 /* Controllers */ = {
			isa = PBXGroup;
			children = (
				77CFC1242403A4EC00449969 /* ViewController.swift */,
				5BEED179242D45DF0095B037 /* LoginViewController.swift */,
				5BEED17B242DBD630095B037 /* SignUpViewController.swift */,
				5BEED17D242DC5CF0095B037 /* ForgotPasswordViewController.swift */,
				5BEED17F242DC8F80095B037 /* NewPasswordViewController.swift */,
				5BC4B3AD242C6F9100F824B2 /* TimelineViewController.swift */,
				5B8E5A3F241617C600066984 /* BeveragesViewController.swift */,
				5B8E5A302415318A00066984 /* QueriesViewController.swift */,
				5B8E5A322415539800066984 /* notificationViewController.swift */,
				5BEED171242C95830095B037 /* InformationViewController.swift */,
				5BEED173242CF9FB0095B037 /* ProfileViewController.swift */,
			);
			path = Controllers;
			sourceTree = "<group>";
		};
		77CFC1362403A9C800449969 /* Helpers */ = {
			isa = PBXGroup;
			children = (
				77CFC1382403AA0C00449969 /* constants.swift */,
				77CFC1222403A4EC00449969 /* AppDelegate.swift */,
				77CFC1292403A4EF00449969 /* Assets.xcassets */,
			);
			path = Helpers;
			sourceTree = "<group>";
		};
		77CFC1372403A9E400449969 /* Models */ = {
			isa = PBXGroup;
			children = (
			);
			path = Models;
			sourceTree = "<group>";
		};
		77CFC13A2403AA8500449969 /* Services */ = {
			isa = PBXGroup;
			children = (
				77CFC13B2403AA9600449969 /* Reachability.swift */,
				77CFC14D2403AD5800449969 /* statusBarView.swift */,
			);
			path = Services;
			sourceTree = "<group>";
		};
		77CFC13D2403AAB700449969 /* Networking */ = {
			isa = PBXGroup;
			children = (
				77CFC13E2403AAC900449969 /* NetworkEngine.swift */,
			);
			path = Networking;
			sourceTree = "<group>";
		};
		77CFC1402403AB2400449969 /* Extensions */ = {
			isa = PBXGroup;
			children = (
				77CFC1482403ABCC00449969 /* alertNhaptic+Extensions */,
				77CFC1412403AB3F00449969 /* utils+Extensions */,
				77CFC1542403E1CD00449969 /* Debug+Extenstion */,
			);
			path = Extensions;
			sourceTree = "<group>";
		};
		77CFC1412403AB3F00449969 /* utils+Extensions */ = {
			isa = PBXGroup;
			children = (
				77CFC1422403AB8A00449969 /* keyboard+Hide.swift */,
				77CFC1442403AB9E00449969 /* checkNetwork.swift */,
				77CFC1462403ABB900449969 /* custom+Navigation.swift */,
			);
			path = "utils+Extensions";
			sourceTree = "<group>";
		};
		77CFC1482403ABCC00449969 /* alertNhaptic+Extensions */ = {
			isa = PBXGroup;
			children = (
				77CFC1492403ABDC00449969 /* haptic+Feedback.swift */,
				77CFC14B2403ABEE00449969 /* alert+Function.swift */,
			);
			path = "alertNhaptic+Extensions";
			sourceTree = "<group>";
		};
		77CFC1542403E1CD00449969 /* Debug+Extenstion */ = {
			isa = PBXGroup;
			children = (
				77CFC14F2403E0AF00449969 /* AlmofireExtension.swift */,
				77CFC1512403E11700449969 /* HackgridLogger.swift */,
			);
			path = "Debug+Extenstion";
			sourceTree = "<group>";
		};
		77D6353924138187009DB468 /* Fonts */ = {
			isa = PBXGroup;
			children = (
				5B663C73241AD0F300ECF231 /* SF-Pro-Display-Bold.otf */,
				5B663C74241AD0F300ECF231 /* SF-Pro-Display-Medium.otf */,
				5B663C72241AD0F300ECF231 /* SF-Pro-Display-Regular.otf */,
				5B663C71241AD0F300ECF231 /* SF-Pro-Rounded-Medium.otf */,
				5BEED175242CFEB50095B037 /* SF-Pro-Display-Semibold.otf */,
			);
			path = Fonts;
			sourceTree = "<group>";
		};
/* End PBXGroup section */

/* Begin PBXNativeTarget section */
		77CFC11E2403A4EC00449969 /* Hackgrid */ = {
			isa = PBXNativeTarget;
			buildConfigurationList = 77CFC1312403A4EF00449969 /* Build configuration list for PBXNativeTarget "Hackgrid" */;
			buildPhases = (
				6D72FEC300107DCF1DD3F493 /* [CP] Check Pods Manifest.lock */,
				77CFC11B2403A4EC00449969 /* Sources */,
				77CFC11C2403A4EC00449969 /* Frameworks */,
				77CFC11D2403A4EC00449969 /* Resources */,
				74CCD5E29EC90C80F4EBB02F /* [CP] Embed Pods Frameworks */,
			);
			buildRules = (
			);
			dependencies = (
			);
			name = Hackgrid;
			productName = Hackgrid;
			productReference = 77CFC11F2403A4EC00449969 /* Hackgrid.app */;
			productType = "com.apple.product-type.application";
		};
/* End PBXNativeTarget section */

/* Begin PBXProject section */
		77CFC1172403A4EC00449969 /* Project object */ = {
			isa = PBXProject;
			attributes = {
				LastSwiftUpdateCheck = 1010;
				LastUpgradeCheck = 1010;
				ORGANIZATIONNAME = "ADG-VIT";
				TargetAttributes = {
					77CFC11E2403A4EC00449969 = {
						CreatedOnToolsVersion = 10.1;
					};
				};
			};
			buildConfigurationList = 77CFC11A2403A4EC00449969 /* Build configuration list for PBXProject "Hackgrid" */;
			compatibilityVersion = "Xcode 9.3";
			developmentRegion = en;
			hasScannedForEncodings = 0;
			knownRegions = (
				en,
				Base,
			);
			mainGroup = 77CFC1162403A4EC00449969;
			productRefGroup = 77CFC1202403A4EC00449969 /* Products */;
			projectDirPath = "";
			projectRoot = "";
			targets = (
				77CFC11E2403A4EC00449969 /* Hackgrid */,
			);
		};
/* End PBXProject section */

/* Begin PBXResourcesBuildPhase section */
		77CFC11D2403A4EC00449969 /* Resources */ = {
			isa = PBXResourcesBuildPhase;
			buildActionMask = 2147483647;
			files = (
				5BEED176242CFEB50095B037 /* SF-Pro-Display-Semibold.otf in Resources */,
				77CFC12D2403A4EF00449969 /* LaunchScreen.storyboard in Resources */,
				77CFC12A2403A4EF00449969 /* Assets.xcassets in Resources */,
				5B663C77241AD0F300ECF231 /* SF-Pro-Display-Bold.otf in Resources */,
				77CFC1282403A4EC00449969 /* Main.storyboard in Resources */,
				5B663C76241AD0F300ECF231 /* SF-Pro-Display-Regular.otf in Resources */,
				5B663C75241AD0F300ECF231 /* SF-Pro-Rounded-Medium.otf in Resources */,
				5B663C78241AD0F300ECF231 /* SF-Pro-Display-Medium.otf in Resources */,
			);
			runOnlyForDeploymentPostprocessing = 0;
		};
/* End PBXResourcesBuildPhase section */

/* Begin PBXShellScriptBuildPhase section */
		6D72FEC300107DCF1DD3F493 /* [CP] Check Pods Manifest.lock */ = {
			isa = PBXShellScriptBuildPhase;
			buildActionMask = 2147483647;
			files = (
			);
			inputFileListPaths = (
			);
			inputPaths = (
				"${PODS_PODFILE_DIR_PATH}/Podfile.lock",
				"${PODS_ROOT}/Manifest.lock",
			);
			name = "[CP] Check Pods Manifest.lock";
			outputFileListPaths = (
			);
			outputPaths = (
				"$(DERIVED_FILE_DIR)/Pods-Hackgrid-checkManifestLockResult.txt",
			);
			runOnlyForDeploymentPostprocessing = 0;
			shellPath = /bin/sh;
			shellScript = "diff \"${PODS_PODFILE_DIR_PATH}/Podfile.lock\" \"${PODS_ROOT}/Manifest.lock\" > /dev/null\nif [ $? != 0 ] ; then\n    # print error to STDERR\n    echo \"error: The sandbox is not in sync with the Podfile.lock. Run 'pod install' or update your CocoaPods installation.\" >&2\n    exit 1\nfi\n# This output is used by Xcode 'outputs' to avoid re-running this script phase.\necho \"SUCCESS\" > \"${SCRIPT_OUTPUT_FILE_0}\"\n";
			showEnvVarsInLog = 0;
		};
		74CCD5E29EC90C80F4EBB02F /* [CP] Embed Pods Frameworks */ = {
			isa = PBXShellScriptBuildPhase;
			buildActionMask = 2147483647;
			files = (
			);
			inputFileListPaths = (
			);
			inputPaths = (
				"${PODS_ROOT}/Target Support Files/Pods-Hackgrid/Pods-Hackgrid-frameworks.sh",
				"${BUILT_PRODUCTS_DIR}/Alamofire/Alamofire.framework",
				"${BUILT_PRODUCTS_DIR}/SwiftyJSON/SwiftyJSON.framework",
			);
			name = "[CP] Embed Pods Frameworks";
			outputFileListPaths = (
			);
			outputPaths = (
				"${TARGET_BUILD_DIR}/${FRAMEWORKS_FOLDER_PATH}/Alamofire.framework",
				"${TARGET_BUILD_DIR}/${FRAMEWORKS_FOLDER_PATH}/SwiftyJSON.framework",
			);
			runOnlyForDeploymentPostprocessing = 0;
			shellPath = /bin/sh;
			shellScript = "\"${PODS_ROOT}/Target Support Files/Pods-Hackgrid/Pods-Hackgrid-frameworks.sh\"\n";
			showEnvVarsInLog = 0;
		};
/* End PBXShellScriptBuildPhase section */

/* Begin PBXSourcesBuildPhase section */
		77CFC11B2403A4EC00449969 /* Sources */ = {
			isa = PBXSourcesBuildPhase;
			buildActionMask = 2147483647;
			files = (
				77CFC14C2403ABEE00449969 /* alert+Function.swift in Sources */,
				5BEED172242C95830095B037 /* InformationViewController.swift in Sources */,
				5BEED174242CF9FC0095B037 /* ProfileViewController.swift in Sources */,
				77CFC14E2403AD5800449969 /* statusBarView.swift in Sources */,
				5B8E5A332415539800066984 /* notificationViewController.swift in Sources */,
				77CFC1502403E0AF00449969 /* AlmofireExtension.swift in Sources */,
				5BEED17C242DBD630095B037 /* SignUpViewController.swift in Sources */,
				5B8E5A3C241592D000066984 /* NotificationTableViewCell.swift in Sources */,
				5BEED17E242DC5CF0095B037 /* ForgotPasswordViewController.swift in Sources */,
				5BC4B3AE242C6F9100F824B2 /* TimelineViewController.swift in Sources */,
				5B8E5A312415318A00066984 /* QueriesViewController.swift in Sources */,
				77CFC1472403ABB900449969 /* custom+Navigation.swift in Sources */,
				5BEED17A242D45DF0095B037 /* LoginViewController.swift in Sources */,
				77CFC1432403AB8A00449969 /* keyboard+Hide.swift in Sources */,
				77CFC1252403A4EC00449969 /* ViewController.swift in Sources */,
				77CFC1452403AB9E00449969 /* checkNetwork.swift in Sources */,
				77CFC13F2403AAC900449969 /* NetworkEngine.swift in Sources */,
				77CFC14A2403ABDC00449969 /* haptic+Feedback.swift in Sources */,
				5B8E5A40241617C600066984 /* BeveragesViewController.swift in Sources */,
				77CFC1232403A4EC00449969 /* AppDelegate.swift in Sources */,
				5BEED178242CFF890095B037 /* RecentQueriesTableViewCell.swift in Sources */,
				77CFC1522403E11700449969 /* HackgridLogger.swift in Sources */,
				77CFC13C2403AA9600449969 /* Reachability.swift in Sources */,
				5BEED180242DC8F80095B037 /* NewPasswordViewController.swift in Sources */,
				77CFC1392403AA0C00449969 /* constants.swift in Sources */,
			);
			runOnlyForDeploymentPostprocessing = 0;
		};
/* End PBXSourcesBuildPhase section */

/* Begin PBXVariantGroup section */
		77CFC1262403A4EC00449969 /* Main.storyboard */ = {
			isa = PBXVariantGroup;
			children = (
				77CFC1272403A4EC00449969 /* Base */,
			);
			name = Main.storyboard;
			sourceTree = "<group>";
		};
		77CFC12B2403A4EF00449969 /* LaunchScreen.storyboard */ = {
			isa = PBXVariantGroup;
			children = (
				77CFC12C2403A4EF00449969 /* Base */,
			);
			name = LaunchScreen.storyboard;
			sourceTree = "<group>";
		};
/* End PBXVariantGroup section */

/* Begin XCBuildConfiguration section */
		77CFC12F2403A4EF00449969 /* Debug */ = {
			isa = XCBuildConfiguration;
			buildSettings = {
				ALWAYS_SEARCH_USER_PATHS = NO;
				CLANG_ANALYZER_NONNULL = YES;
				CLANG_ANALYZER_NUMBER_OBJECT_CONVERSION = YES_AGGRESSIVE;
				CLANG_CXX_LANGUAGE_STANDARD = "gnu++14";
				CLANG_CXX_LIBRARY = "libc++";
				CLANG_ENABLE_MODULES = YES;
				CLANG_ENABLE_OBJC_ARC = YES;
				CLANG_ENABLE_OBJC_WEAK = YES;
				CLANG_WARN_BLOCK_CAPTURE_AUTORELEASING = YES;
				CLANG_WARN_BOOL_CONVERSION = YES;
				CLANG_WARN_COMMA = YES;
				CLANG_WARN_CONSTANT_CONVERSION = YES;
				CLANG_WARN_DEPRECATED_OBJC_IMPLEMENTATIONS = YES;
				CLANG_WARN_DIRECT_OBJC_ISA_USAGE = YES_ERROR;
				CLANG_WARN_DOCUMENTATION_COMMENTS = YES;
				CLANG_WARN_EMPTY_BODY = YES;
				CLANG_WARN_ENUM_CONVERSION = YES;
				CLANG_WARN_INFINITE_RECURSION = YES;
				CLANG_WARN_INT_CONVERSION = YES;
				CLANG_WARN_NON_LITERAL_NULL_CONVERSION = YES;
				CLANG_WARN_OBJC_IMPLICIT_RETAIN_SELF = YES;
				CLANG_WARN_OBJC_LITERAL_CONVERSION = YES;
				CLANG_WARN_OBJC_ROOT_CLASS = YES_ERROR;
				CLANG_WARN_RANGE_LOOP_ANALYSIS = YES;
				CLANG_WARN_STRICT_PROTOTYPES = YES;
				CLANG_WARN_SUSPICIOUS_MOVE = YES;
				CLANG_WARN_UNGUARDED_AVAILABILITY = YES_AGGRESSIVE;
				CLANG_WARN_UNREACHABLE_CODE = YES;
				CLANG_WARN__DUPLICATE_METHOD_MATCH = YES;
				CODE_SIGN_IDENTITY = "iPhone Developer";
				COPY_PHASE_STRIP = NO;
				DEBUG_INFORMATION_FORMAT = dwarf;
				ENABLE_STRICT_OBJC_MSGSEND = YES;
				ENABLE_TESTABILITY = YES;
				GCC_C_LANGUAGE_STANDARD = gnu11;
				GCC_DYNAMIC_NO_PIC = NO;
				GCC_NO_COMMON_BLOCKS = YES;
				GCC_OPTIMIZATION_LEVEL = 0;
				GCC_PREPROCESSOR_DEFINITIONS = (
					"DEBUG=1",
					"$(inherited)",
				);
				GCC_WARN_64_TO_32_BIT_CONVERSION = YES;
				GCC_WARN_ABOUT_RETURN_TYPE = YES_ERROR;
				GCC_WARN_UNDECLARED_SELECTOR = YES;
				GCC_WARN_UNINITIALIZED_AUTOS = YES_AGGRESSIVE;
				GCC_WARN_UNUSED_FUNCTION = YES;
				GCC_WARN_UNUSED_VARIABLE = YES;
				IPHONEOS_DEPLOYMENT_TARGET = 12.1;
				MTL_ENABLE_DEBUG_INFO = INCLUDE_SOURCE;
				MTL_FAST_MATH = YES;
				ONLY_ACTIVE_ARCH = YES;
				SDKROOT = iphoneos;
				SWIFT_ACTIVE_COMPILATION_CONDITIONS = DEBUG;
				SWIFT_OPTIMIZATION_LEVEL = "-Onone";
			};
			name = Debug;
		};
		77CFC1302403A4EF00449969 /* Release */ = {
			isa = XCBuildConfiguration;
			buildSettings = {
				ALWAYS_SEARCH_USER_PATHS = NO;
				CLANG_ANALYZER_NONNULL = YES;
				CLANG_ANALYZER_NUMBER_OBJECT_CONVERSION = YES_AGGRESSIVE;
				CLANG_CXX_LANGUAGE_STANDARD = "gnu++14";
				CLANG_CXX_LIBRARY = "libc++";
				CLANG_ENABLE_MODULES = YES;
				CLANG_ENABLE_OBJC_ARC = YES;
				CLANG_ENABLE_OBJC_WEAK = YES;
				CLANG_WARN_BLOCK_CAPTURE_AUTORELEASING = YES;
				CLANG_WARN_BOOL_CONVERSION = YES;
				CLANG_WARN_COMMA = YES;
				CLANG_WARN_CONSTANT_CONVERSION = YES;
				CLANG_WARN_DEPRECATED_OBJC_IMPLEMENTATIONS = YES;
				CLANG_WARN_DIRECT_OBJC_ISA_USAGE = YES_ERROR;
				CLANG_WARN_DOCUMENTATION_COMMENTS = YES;
				CLANG_WARN_EMPTY_BODY = YES;
				CLANG_WARN_ENUM_CONVERSION = YES;
				CLANG_WARN_INFINITE_RECURSION = YES;
				CLANG_WARN_INT_CONVERSION = YES;
				CLANG_WARN_NON_LITERAL_NULL_CONVERSION = YES;
				CLANG_WARN_OBJC_IMPLICIT_RETAIN_SELF = YES;
				CLANG_WARN_OBJC_LITERAL_CONVERSION = YES;
				CLANG_WARN_OBJC_ROOT_CLASS = YES_ERROR;
				CLANG_WARN_RANGE_LOOP_ANALYSIS = YES;
				CLANG_WARN_STRICT_PROTOTYPES = YES;
				CLANG_WARN_SUSPICIOUS_MOVE = YES;
				CLANG_WARN_UNGUARDED_AVAILABILITY = YES_AGGRESSIVE;
				CLANG_WARN_UNREACHABLE_CODE = YES;
				CLANG_WARN__DUPLICATE_METHOD_MATCH = YES;
				CODE_SIGN_IDENTITY = "iPhone Developer";
				COPY_PHASE_STRIP = NO;
				DEBUG_INFORMATION_FORMAT = "dwarf-with-dsym";
				ENABLE_NS_ASSERTIONS = NO;
				ENABLE_STRICT_OBJC_MSGSEND = YES;
				GCC_C_LANGUAGE_STANDARD = gnu11;
				GCC_NO_COMMON_BLOCKS = YES;
				GCC_WARN_64_TO_32_BIT_CONVERSION = YES;
				GCC_WARN_ABOUT_RETURN_TYPE = YES_ERROR;
				GCC_WARN_UNDECLARED_SELECTOR = YES;
				GCC_WARN_UNINITIALIZED_AUTOS = YES_AGGRESSIVE;
				GCC_WARN_UNUSED_FUNCTION = YES;
				GCC_WARN_UNUSED_VARIABLE = YES;
				IPHONEOS_DEPLOYMENT_TARGET = 12.1;
				MTL_ENABLE_DEBUG_INFO = NO;
				MTL_FAST_MATH = YES;
				SDKROOT = iphoneos;
				SWIFT_COMPILATION_MODE = wholemodule;
				SWIFT_OPTIMIZATION_LEVEL = "-O";
				VALIDATE_PRODUCT = YES;
			};
			name = Release;
		};
		77CFC1322403A4EF00449969 /* Debug */ = {
			isa = XCBuildConfiguration;
			baseConfigurationReference = 74A7B2C68F95F4865FF8CE33 /* Pods-Hackgrid.debug.xcconfig */;
			buildSettings = {
				ASSETCATALOG_COMPILER_APPICON_NAME = AppIcon;
				CODE_SIGN_STYLE = Automatic;
				DEVELOPMENT_TEAM = GTXX84TV93;
				INFOPLIST_FILE = Hackgrid/Info.plist;
				LD_RUNPATH_SEARCH_PATHS = (
					"$(inherited)",
					"@executable_path/Frameworks",
				);
				PRODUCT_BUNDLE_IDENTIFIER = com.adgvit.Hackgrid;
				PRODUCT_NAME = "$(TARGET_NAME)";
				SWIFT_VERSION = 4.2;
				TARGETED_DEVICE_FAMILY = "1,2";
			};
			name = Debug;
		};
		77CFC1332403A4EF00449969 /* Release */ = {
			isa = XCBuildConfiguration;
			baseConfigurationReference = 1B5612D17992B0094F5E1A55 /* Pods-Hackgrid.release.xcconfig */;
			buildSettings = {
				ASSETCATALOG_COMPILER_APPICON_NAME = AppIcon;
				CODE_SIGN_STYLE = Automatic;
				DEVELOPMENT_TEAM = GTXX84TV93;
				INFOPLIST_FILE = Hackgrid/Info.plist;
				LD_RUNPATH_SEARCH_PATHS = (
					"$(inherited)",
					"@executable_path/Frameworks",
				);
				PRODUCT_BUNDLE_IDENTIFIER = com.adgvit.Hackgrid;
				PRODUCT_NAME = "$(TARGET_NAME)";
				SWIFT_VERSION = 4.2;
				TARGETED_DEVICE_FAMILY = "1,2";
			};
			name = Release;
		};
/* End XCBuildConfiguration section */

/* Begin XCConfigurationList section */
		77CFC11A2403A4EC00449969 /* Build configuration list for PBXProject "Hackgrid" */ = {
			isa = XCConfigurationList;
			buildConfigurations = (
				77CFC12F2403A4EF00449969 /* Debug */,
				77CFC1302403A4EF00449969 /* Release */,
			);
			defaultConfigurationIsVisible = 0;
			defaultConfigurationName = Release;
		};
		77CFC1312403A4EF00449969 /* Build configuration list for PBXNativeTarget "Hackgrid" */ = {
			isa = XCConfigurationList;
			buildConfigurations = (
				77CFC1322403A4EF00449969 /* Debug */,
				77CFC1332403A4EF00449969 /* Release */,
			);
			defaultConfigurationIsVisible = 0;
			defaultConfigurationName = Release;
		};
/* End XCConfigurationList section */
	};
	rootObject = 77CFC1172403A4EC00449969 /* Project object */;
}
